
Microsoft Visual Studio Solution File, Format Version 12.00
# Visual Studio Version 17
VisualStudioVersion = 17.9.34607.119
MinimumVisualStudioVersion = 10.0.40219.1
Project("{FAE04EC0-301F-11D3-BF4B-00C04F79EFBC}") = "TodoAppBackend", "TodoAppBackend\TodoAppBackend.csproj", "{05589A00-4903-47A4-A50C-D58A39848391}"
EndProject
Global
	GlobalSection(SolutionConfigurationPlatforms) = preSolution
		Debug|Any CPU = Debug|Any CPU
		Release|Any CPU = Release|Any CPU
	EndGlobalSection
	GlobalSection(ProjectConfigurationPlatforms) = postSolution
		{05589A00-4903-47A4-A50C-D58A39848391}.Debug|Any CPU.ActiveCfg = Debug|Any CPU
		{05589A00-4903-47A4-A50C-D58A39848391}.Debug|Any CPU.Build.0 = Debug|Any CPU
		{05589A00-4903-47A4-A50C-D58A39848391}.Release|Any CPU.ActiveCfg = Release|Any CPU
		{05589A00-4903-47A4-A50C-D58A39848391}.Release|Any CPU.Build.0 = Release|Any CPU
	EndGlobalSection
	GlobalSection(SolutionProperties) = preSolution
		HideSolutionNode = FALSE
	EndGlobalSection
	GlobalSection(ExtensibilityGlobals) = postSolution
		SolutionGuid = {654A602D-27CA-48DC-9B68-E6FB1D5694A1}
	EndGlobalSection
EndGlobal
